
Microsoft Visual Studio Solution File, Format Version 12.00
# Visual Studio Version 17
VisualStudioVersion = 17.2.32616.157
MinimumVisualStudioVersion = 10.0.40219.1
Project("{FAE04EC0-301F-11D3-BF4B-00C04F79EFBC}") = "ForLoop15Times", "ForLoop15Times\ForLoop15Times.csproj", "{CBB35194-9961-4008-9758-103DA9420FAC}"
EndProject
Global
	GlobalSection(SolutionConfigurationPlatforms) = preSolution
		Debug|Any CPU = Debug|Any CPU
		Release|Any CPU = Release|Any CPU
	EndGlobalSection
	GlobalSection(ProjectConfigurationPlatforms) = postSolution
		{CBB35194-9961-4008-9758-103DA9420FAC}.Debug|Any CPU.ActiveCfg = Debug|Any CPU
		{CBB35194-9961-4008-9758-103DA9420FAC}.Debug|Any CPU.Build.0 = Debug|Any CPU
		{CBB35194-9961-4008-9758-103DA9420FAC}.Release|Any CPU.ActiveCfg = Release|Any CPU
		{CBB35194-9961-4008-9758-103DA9420FAC}.Release|Any CPU.Build.0 = Release|Any CPU
	EndGlobalSection
	GlobalSection(SolutionProperties) = preSolution
		HideSolutionNode = FALSE
	EndGlobalSection
	GlobalSection(ExtensibilityGlobals) = postSolution
		SolutionGuid = {B1FAA971-2B60-4F5E-B2F9-42258C6FEF81}
	EndGlobalSection
EndGlobal
